
Microsoft Visual Studio Solution File, Format Version 12.00
# Visual Studio Version 17
VisualStudioVersion = 17.7.34031.279
MinimumVisualStudioVersion = 10.0.40219.1
Project("{FAE04EC0-301F-11D3-BF4B-00C04F79EFBC}") = "ApexLogic.AzureStopwatch", "ApexLogic.AzureStopwatch\ApexLogic.AzureStopwatch.csproj", "{673A5940-6CF4-4552-B5DA-D84648856D01}"
EndProject
Global
	GlobalSection(SolutionConfigurationPlatforms) = preSolution
		Debug|Any CPU = Debug|Any CPU
		Release|Any CPU = Release|Any CPU
	EndGlobalSection
	GlobalSection(ProjectConfigurationPlatforms) = postSolution
		{673A5940-6CF4-4552-B5DA-D84648856D01}.Debug|Any CPU.ActiveCfg = Debug|Any CPU
		{673A5940-6CF4-4552-B5DA-D84648856D01}.Debug|Any CPU.Build.0 = Debug|Any CPU
		{673A5940-6CF4-4552-B5DA-D84648856D01}.Release|Any CPU.ActiveCfg = Release|Any CPU
		{673A5940-6CF4-4552-B5DA-D84648856D01}.Release|Any CPU.Build.0 = Release|Any CPU
	EndGlobalSection
	GlobalSection(SolutionProperties) = preSolution
		HideSolutionNode = FALSE
	EndGlobalSection
	GlobalSection(ExtensibilityGlobals) = postSolution
		SolutionGuid = {E7A79077-3A84-4A4D-9F79-53D7AB2EDA3C}
	EndGlobalSection
EndGlobal
